
Microsoft Visual Studio Solution File, Format Version 12.00
# Visual Studio Version 17
VisualStudioVersion = 17.8.34316.72
MinimumVisualStudioVersion = 10.0.40219.1
Project("{F2A71F9B-5D33-465A-A702-920D77279786}") = "yatalks", "yatalks.fsproj", "{C30AF723-5687-464F-A85E-E9675D105B9F}"
EndProject
Global
	GlobalSection(SolutionConfigurationPlatforms) = preSolution
		Debug|Any CPU = Debug|Any CPU
		Release|Any CPU = Release|Any CPU
	EndGlobalSection
	GlobalSection(ProjectConfigurationPlatforms) = postSolution
		{C30AF723-5687-464F-A85E-E9675D105B9F}.Debug|Any CPU.ActiveCfg = Debug|Any CPU
		{C30AF723-5687-464F-A85E-E9675D105B9F}.Debug|Any CPU.Build.0 = Debug|Any CPU
		{C30AF723-5687-464F-A85E-E9675D105B9F}.Release|Any CPU.ActiveCfg = Release|Any CPU
		{C30AF723-5687-464F-A85E-E9675D105B9F}.Release|Any CPU.Build.0 = Release|Any CPU
	EndGlobalSection
	GlobalSection(SolutionProperties) = preSolution
		HideSolutionNode = FALSE
	EndGlobalSection
	GlobalSection(ExtensibilityGlobals) = postSolution
		SolutionGuid = {871CC05D-6E3F-49FA-A6BE-B446D224435C}
	EndGlobalSection
EndGlobal
